Microsoft Visual Studio Solution File, Format Version 9.00
# Visual C# Express 2005
Project("{FAE04EC0-301F-11D3-BF4B-00C04F79EFBC}") = "NifViewer", "NifViewer.csproj", "{2D7AB553-EBE6-42D6-B743-48004614EA6A}"
EndProject
Global
	GlobalSection(SolutionConfigurationPlatforms) = preSolution
		Debug|Default = Debug|Default
		Release|Default = Release|Default
	EndGlobalSection
	GlobalSection(ProjectConfigurationPlatforms) = postSolution
		{2D7AB553-EBE6-42D6-B743-48004614EA6A}.Debug|Default.ActiveCfg = Debug|Any CPU
		{2D7AB553-EBE6-42D6-B743-48004614EA6A}.Debug|Default.Build.0 = Debug|Any CPU
		{2D7AB553-EBE6-42D6-B743-48004614EA6A}.Release|Default.ActiveCfg = Release|Any CPU
		{2D7AB553-EBE6-42D6-B743-48004614EA6A}.Release|Default.Build.0 = Release|Any CPU
	EndGlobalSection
	GlobalSection(SolutionProperties) = preSolution
		HideSolutionNode = FALSE
	EndGlobalSection
EndGlobal
