
Microsoft Visual Studio Solution File, Format Version 9.00
# Visual Studio 2005
Project("{8BC9CEB8-8B4A-11D0-8D11-00A0C91BC942}") = "CBash", "CBash\CBash.vcproj", "{BD5006DB-3C29-4280-A950-D34D920BA640}"
	ProjectSection(ProjectDependencies) = postProject
		{DEBD72E4-1FCA-4302-977A-05C8D823D22D} = {DEBD72E4-1FCA-4302-977A-05C8D823D22D}
	EndProjectSection
EndProject
Project("{8BC9CEB8-8B4A-11D0-8D11-00A0C91BC942}") = "zlib", "CBash\zlib\projects\visualc6\zlib.vcproj", "{DEBD72E4-1FCA-4302-977A-05C8D823D22D}"
EndProject
Project("{8BC9CEB8-8B4A-11D0-8D11-00A0C91BC942}") = "cint", "cint\cint.vcproj", "{04048E62-BCA8-4E53-B2B4-DC5F64D2DAC6}"
EndProject
Global
	GlobalSection(SolutionConfigurationPlatforms) = preSolution
		Debug|Win32 = Debug|Win32
		DLL ASM Debug|Win32 = DLL ASM Debug|Win32
		DLL ASM Release|Win32 = DLL ASM Release|Win32
		DLL Debug|Win32 = DLL Debug|Win32
		DLL Release|Win32 = DLL Release|Win32
		FullDebug|Win32 = FullDebug|Win32
		LIB ASM Debug|Win32 = LIB ASM Debug|Win32
		LIB ASM Release|Win32 = LIB ASM Release|Win32
		LIB Debug|Win32 = LIB Debug|Win32
		LIB Release|Win32 = LIB Release|Win32
		Release|Win32 = Release|Win32
	EndGlobalSection
	GlobalSection(ProjectConfigurationPlatforms) = postSolution
		{BD5006DB-3C29-4280-A950-D34D920BA640}.Debug|Win32.ActiveCfg = Debug|Win32
		{BD5006DB-3C29-4280-A950-D34D920BA640}.Debug|Win32.Build.0 = Debug|Win32
		{BD5006DB-3C29-4280-A950-D34D920BA640}.DLL ASM Debug|Win32.ActiveCfg = Debug|Win32
		{BD5006DB-3C29-4280-A950-D34D920BA640}.DLL ASM Debug|Win32.Build.0 = Debug|Win32
		{BD5006DB-3C29-4280-A950-D34D920BA640}.DLL ASM Release|Win32.ActiveCfg = Release|Win32
		{BD5006DB-3C29-4280-A950-D34D920BA640}.DLL ASM Release|Win32.Build.0 = Release|Win32
		{BD5006DB-3C29-4280-A950-D34D920BA640}.DLL Debug|Win32.ActiveCfg = Debug|Win32
		{BD5006DB-3C29-4280-A950-D34D920BA640}.DLL Debug|Win32.Build.0 = Debug|Win32
		{BD5006DB-3C29-4280-A950-D34D920BA640}.DLL Release|Win32.ActiveCfg = Release|Win32
		{BD5006DB-3C29-4280-A950-D34D920BA640}.DLL Release|Win32.Build.0 = Release|Win32
		{BD5006DB-3C29-4280-A950-D34D920BA640}.FullDebug|Win32.ActiveCfg = FullDebug|Win32
		{BD5006DB-3C29-4280-A950-D34D920BA640}.FullDebug|Win32.Build.0 = FullDebug|Win32
		{BD5006DB-3C29-4280-A950-D34D920BA640}.LIB ASM Debug|Win32.ActiveCfg = Debug|Win32
		{BD5006DB-3C29-4280-A950-D34D920BA640}.LIB ASM Debug|Win32.Build.0 = Debug|Win32
		{BD5006DB-3C29-4280-A950-D34D920BA640}.LIB ASM Release|Win32.ActiveCfg = Release|Win32
		{BD5006DB-3C29-4280-A950-D34D920BA640}.LIB ASM Release|Win32.Build.0 = Release|Win32
		{BD5006DB-3C29-4280-A950-D34D920BA640}.LIB Debug|Win32.ActiveCfg = Debug|Win32
		{BD5006DB-3C29-4280-A950-D34D920BA640}.LIB Debug|Win32.Build.0 = Debug|Win32
		{BD5006DB-3C29-4280-A950-D34D920BA640}.LIB Release|Win32.ActiveCfg = Release|Win32
		{BD5006DB-3C29-4280-A950-D34D920BA640}.LIB Release|Win32.Build.0 = Release|Win32
		{BD5006DB-3C29-4280-A950-D34D920BA640}.Release|Win32.ActiveCfg = Release|Win32
		{BD5006DB-3C29-4280-A950-D34D920BA640}.Release|Win32.Build.0 = Release|Win32
		{DEBD72E4-1FCA-4302-977A-05C8D823D22D}.Debug|Win32.ActiveCfg = LIB Debug|Win32
		{DEBD72E4-1FCA-4302-977A-05C8D823D22D}.Debug|Win32.Build.0 = LIB Debug|Win32
		{DEBD72E4-1FCA-4302-977A-05C8D823D22D}.DLL ASM Debug|Win32.ActiveCfg = DLL ASM Debug|Win32
		{DEBD72E4-1FCA-4302-977A-05C8D823D22D}.DLL ASM Debug|Win32.Build.0 = DLL ASM Debug|Win32
		{DEBD72E4-1FCA-4302-977A-05C8D823D22D}.DLL ASM Release|Win32.ActiveCfg = DLL ASM Release|Win32
		{DEBD72E4-1FCA-4302-977A-05C8D823D22D}.DLL ASM Release|Win32.Build.0 = DLL ASM Release|Win32
		{DEBD72E4-1FCA-4302-977A-05C8D823D22D}.DLL Debug|Win32.ActiveCfg = DLL Debug|Win32
		{DEBD72E4-1FCA-4302-977A-05C8D823D22D}.DLL Debug|Win32.Build.0 = DLL Debug|Win32
		{DEBD72E4-1FCA-4302-977A-05C8D823D22D}.DLL Release|Win32.ActiveCfg = DLL Release|Win32
		{DEBD72E4-1FCA-4302-977A-05C8D823D22D}.DLL Release|Win32.Build.0 = DLL Release|Win32
		{DEBD72E4-1FCA-4302-977A-05C8D823D22D}.FullDebug|Win32.ActiveCfg = LIB Debug|Win32
		{DEBD72E4-1FCA-4302-977A-05C8D823D22D}.FullDebug|Win32.Build.0 = LIB Debug|Win32
		{DEBD72E4-1FCA-4302-977A-05C8D823D22D}.LIB ASM Debug|Win32.ActiveCfg = LIB ASM Debug|Win32
		{DEBD72E4-1FCA-4302-977A-05C8D823D22D}.LIB ASM Debug|Win32.Build.0 = LIB ASM Debug|Win32
		{DEBD72E4-1FCA-4302-977A-05C8D823D22D}.LIB ASM Release|Win32.ActiveCfg = LIB ASM Release|Win32
		{DEBD72E4-1FCA-4302-977A-05C8D823D22D}.LIB ASM Release|Win32.Build.0 = LIB ASM Release|Win32
		{DEBD72E4-1FCA-4302-977A-05C8D823D22D}.LIB Debug|Win32.ActiveCfg = LIB Debug|Win32
		{DEBD72E4-1FCA-4302-977A-05C8D823D22D}.LIB Debug|Win32.Build.0 = LIB Debug|Win32
		{DEBD72E4-1FCA-4302-977A-05C8D823D22D}.LIB Release|Win32.ActiveCfg = LIB Release|Win32
		{DEBD72E4-1FCA-4302-977A-05C8D823D22D}.LIB Release|Win32.Build.0 = LIB Release|Win32
		{DEBD72E4-1FCA-4302-977A-05C8D823D22D}.Release|Win32.ActiveCfg = LIB Release|Win32
		{DEBD72E4-1FCA-4302-977A-05C8D823D22D}.Release|Win32.Build.0 = LIB Release|Win32
		{04048E62-BCA8-4E53-B2B4-DC5F64D2DAC6}.Debug|Win32.ActiveCfg = Debug|Win32
		{04048E62-BCA8-4E53-B2B4-DC5F64D2DAC6}.DLL ASM Debug|Win32.ActiveCfg = Debug|Win32
		{04048E62-BCA8-4E53-B2B4-DC5F64D2DAC6}.DLL ASM Debug|Win32.Build.0 = Debug|Win32
		{04048E62-BCA8-4E53-B2B4-DC5F64D2DAC6}.DLL ASM Release|Win32.ActiveCfg = Release|Win32
		{04048E62-BCA8-4E53-B2B4-DC5F64D2DAC6}.DLL ASM Release|Win32.Build.0 = Release|Win32
		{04048E62-BCA8-4E53-B2B4-DC5F64D2DAC6}.DLL Debug|Win32.ActiveCfg = Debug|Win32
		{04048E62-BCA8-4E53-B2B4-DC5F64D2DAC6}.DLL Debug|Win32.Build.0 = Debug|Win32
		{04048E62-BCA8-4E53-B2B4-DC5F64D2DAC6}.DLL Release|Win32.ActiveCfg = Release|Win32
		{04048E62-BCA8-4E53-B2B4-DC5F64D2DAC6}.DLL Release|Win32.Build.0 = Release|Win32
		{04048E62-BCA8-4E53-B2B4-DC5F64D2DAC6}.FullDebug|Win32.ActiveCfg = Debug|Win32
		{04048E62-BCA8-4E53-B2B4-DC5F64D2DAC6}.LIB ASM Debug|Win32.ActiveCfg = Debug|Win32
		{04048E62-BCA8-4E53-B2B4-DC5F64D2DAC6}.LIB ASM Debug|Win32.Build.0 = Debug|Win32
		{04048E62-BCA8-4E53-B2B4-DC5F64D2DAC6}.LIB ASM Release|Win32.ActiveCfg = Release|Win32
		{04048E62-BCA8-4E53-B2B4-DC5F64D2DAC6}.LIB ASM Release|Win32.Build.0 = Release|Win32
		{04048E62-BCA8-4E53-B2B4-DC5F64D2DAC6}.LIB Debug|Win32.ActiveCfg = Debug|Win32
		{04048E62-BCA8-4E53-B2B4-DC5F64D2DAC6}.LIB Debug|Win32.Build.0 = Debug|Win32
		{04048E62-BCA8-4E53-B2B4-DC5F64D2DAC6}.LIB Release|Win32.ActiveCfg = Release|Win32
		{04048E62-BCA8-4E53-B2B4-DC5F64D2DAC6}.LIB Release|Win32.Build.0 = Release|Win32
		{04048E62-BCA8-4E53-B2B4-DC5F64D2DAC6}.Release|Win32.ActiveCfg = Release|Win32
	EndGlobalSection
	GlobalSection(SolutionProperties) = preSolution
		HideSolutionNode = FALSE
	EndGlobalSection
EndGlobal
